
Microsoft Visual Studio Solution File, Format Version 12.00
Project("{2150E333-8FDC-42A3-9474-1A3956D46DE8}") = "src", "src", "{C454F8D0-A3D0-4243-872D-113FF55F11DB}"
EndProject
Project("{2150E333-8FDC-42A3-9474-1A3956D46DE8}") = "tests", "tests", "{A118350F-F230-4AE5-99DC-5AAF454CAC7F}"
EndProject
Project("{FAE04EC0-301F-11D3-BF4B-00C04F79EFBC}") = "Domain", "src\Domain\Domain.csproj", "{B11E3BE7-3979-4B9D-B662-16FB2BCB4645}"
EndProject
Project("{FAE04EC0-301F-11D3-BF4B-00C04F79EFBC}") = "Application", "src\Application\Application.csproj", "{2CD77CAA-7E92-419E-8740-C25F32A6314A}"
EndProject
Project("{FAE04EC0-301F-11D3-BF4B-00C04F79EFBC}") = "Infrastructure", "src\Infrastructure\Infrastructure.csproj", "{34524F1A-7EC4-4714-AA97-B15A2B8F1CA7}"
EndProject
Project("{FAE04EC0-301F-11D3-BF4B-00C04F79EFBC}") = "Web", "src\Web\Web.csproj", "{841E3103-FA5D-436E-826D-AF4322193900}"
EndProject
Project("{FAE04EC0-301F-11D3-BF4B-00C04F79EFBC}") = "FunctionalTests", "tests\FunctionalTests\FunctionalTests.csproj", "{C9727599-0583-4B3C-8ED2-AE52AD1CD97E}"
EndProject
Project("{FAE04EC0-301F-11D3-BF4B-00C04F79EFBC}") = "UnitTests", "tests\UnitTests\UnitTests.csproj", "{D6035E11-6136-462B-A077-A9344DBEBCD9}"
EndProject
Project("{FAE04EC0-301F-11D3-BF4B-00C04F79EFBC}") = "IntegrationTests", "tests\IntegrationTests\IntegrationTests.csproj", "{7F7AF66B-F6C3-48ED-8C56-AAC0777091AD}"
EndProject
Global
	GlobalSection(SolutionConfigurationPlatforms) = preSolution
		Debug|Any CPU = Debug|Any CPU
		Release|Any CPU = Release|Any CPU
	EndGlobalSection
	GlobalSection(NestedProjects) = preSolution
		{B11E3BE7-3979-4B9D-B662-16FB2BCB4645} = {C454F8D0-A3D0-4243-872D-113FF55F11DB}
		{2CD77CAA-7E92-419E-8740-C25F32A6314A} = {C454F8D0-A3D0-4243-872D-113FF55F11DB}
		{34524F1A-7EC4-4714-AA97-B15A2B8F1CA7} = {C454F8D0-A3D0-4243-872D-113FF55F11DB}
		{841E3103-FA5D-436E-826D-AF4322193900} = {C454F8D0-A3D0-4243-872D-113FF55F11DB}
		{C9727599-0583-4B3C-8ED2-AE52AD1CD97E} = {A118350F-F230-4AE5-99DC-5AAF454CAC7F}
		{D6035E11-6136-462B-A077-A9344DBEBCD9} = {A118350F-F230-4AE5-99DC-5AAF454CAC7F}
		{7F7AF66B-F6C3-48ED-8C56-AAC0777091AD} = {A118350F-F230-4AE5-99DC-5AAF454CAC7F}
	EndGlobalSection
	GlobalSection(ProjectConfigurationPlatforms) = postSolution
		{B11E3BE7-3979-4B9D-B662-16FB2BCB4645}.Debug|Any CPU.ActiveCfg = Debug|Any CPU
		{B11E3BE7-3979-4B9D-B662-16FB2BCB4645}.Debug|Any CPU.Build.0 = Debug|Any CPU
		{B11E3BE7-3979-4B9D-B662-16FB2BCB4645}.Release|Any CPU.ActiveCfg = Release|Any CPU
		{B11E3BE7-3979-4B9D-B662-16FB2BCB4645}.Release|Any CPU.Build.0 = Release|Any CPU
		{2CD77CAA-7E92-419E-8740-C25F32A6314A}.Debug|Any CPU.ActiveCfg = Debug|Any CPU
		{2CD77CAA-7E92-419E-8740-C25F32A6314A}.Debug|Any CPU.Build.0 = Debug|Any CPU
		{2CD77CAA-7E92-419E-8740-C25F32A6314A}.Release|Any CPU.ActiveCfg = Release|Any CPU
		{2CD77CAA-7E92-419E-8740-C25F32A6314A}.Release|Any CPU.Build.0 = Release|Any CPU
		{34524F1A-7EC4-4714-AA97-B15A2B8F1CA7}.Debug|Any CPU.ActiveCfg = Debug|Any CPU
		{34524F1A-7EC4-4714-AA97-B15A2B8F1CA7}.Debug|Any CPU.Build.0 = Debug|Any CPU
		{34524F1A-7EC4-4714-AA97-B15A2B8F1CA7}.Release|Any CPU.ActiveCfg = Release|Any CPU
		{34524F1A-7EC4-4714-AA97-B15A2B8F1CA7}.Release|Any CPU.Build.0 = Release|Any CPU
		{841E3103-FA5D-436E-826D-AF4322193900}.Debug|Any CPU.ActiveCfg = Debug|Any CPU
		{841E3103-FA5D-436E-826D-AF4322193900}.Debug|Any CPU.Build.0 = Debug|Any CPU
		{841E3103-FA5D-436E-826D-AF4322193900}.Release|Any CPU.ActiveCfg = Release|Any CPU
		{841E3103-FA5D-436E-826D-AF4322193900}.Release|Any CPU.Build.0 = Release|Any CPU
		{C9727599-0583-4B3C-8ED2-AE52AD1CD97E}.Debug|Any CPU.ActiveCfg = Debug|Any CPU
		{C9727599-0583-4B3C-8ED2-AE52AD1CD97E}.Debug|Any CPU.Build.0 = Debug|Any CPU
		{C9727599-0583-4B3C-8ED2-AE52AD1CD97E}.Release|Any CPU.ActiveCfg = Release|Any CPU
		{C9727599-0583-4B3C-8ED2-AE52AD1CD97E}.Release|Any CPU.Build.0 = Release|Any CPU
		{D6035E11-6136-462B-A077-A9344DBEBCD9}.Debug|Any CPU.ActiveCfg = Debug|Any CPU
		{D6035E11-6136-462B-A077-A9344DBEBCD9}.Debug|Any CPU.Build.0 = Debug|Any CPU
		{D6035E11-6136-462B-A077-A9344DBEBCD9}.Release|Any CPU.ActiveCfg = Release|Any CPU
		{D6035E11-6136-462B-A077-A9344DBEBCD9}.Release|Any CPU.Build.0 = Release|Any CPU
		{7F7AF66B-F6C3-48ED-8C56-AAC0777091AD}.Debug|Any CPU.ActiveCfg = Debug|Any CPU
		{7F7AF66B-F6C3-48ED-8C56-AAC0777091AD}.Debug|Any CPU.Build.0 = Debug|Any CPU
		{7F7AF66B-F6C3-48ED-8C56-AAC0777091AD}.Release|Any CPU.ActiveCfg = Release|Any CPU
		{7F7AF66B-F6C3-48ED-8C56-AAC0777091AD}.Release|Any CPU.Build.0 = Release|Any CPU
	EndGlobalSection
EndGlobal
